
Microsoft Visual Studio Solution File, Format Version 12.00
# Visual Studio 14
VisualStudioVersion = 14.0.23107.0
MinimumVisualStudioVersion = 10.0.40219.1
Project("{8BC9CEB8-8B4A-11D0-8D11-00A0C91BC942}") = "renderSystem", "RenderSystem\RenderSystem.vcxproj", "{C40525D8-5F04-4CF0-A719-BEA896895413}"
EndProject
Project("{8BC9CEB8-8B4A-11D0-8D11-00A0C91BC942}") = "client", "client\Client.vcxproj", "{A092D6FD-2D55-4F6D-B422-50D3C6907B56}"
	ProjectSection(ProjectDependencies) = postProject
		{C40525D8-5F04-4CF0-A719-BEA896895413} = {C40525D8-5F04-4CF0-A719-BEA896895413}
	EndProjectSection
EndProject
Project("{8BC9CEB8-8B4A-11D0-8D11-00A0C91BC942}") = "x3dParser", "X3dParser\X3dParser.vcxproj", "{C2FC558E-395A-4306-83B4-8EED31C25E7B}"
EndProject
Project("{8BC9CEB8-8B4A-11D0-8D11-00A0C91BC942}") = "x3dParserMicroTest", "X3dParserMicroTest\X3dParserMicroTest.vcxproj", "{D3CBDAD4-10DD-4466-88B0-4797B5CBC557}"
	ProjectSection(ProjectDependencies) = postProject
		{C2FC558E-395A-4306-83B4-8EED31C25E7B} = {C2FC558E-395A-4306-83B4-8EED31C25E7B}
	EndProjectSection
EndProject
Project("{8BC9CEB8-8B4A-11D0-8D11-00A0C91BC942}") = "core", "core\Core.vcxproj", "{3826285B-1514-486F-B0E5-1B025F03EBD4}"
EndProject
Project("{8BC9CEB8-8B4A-11D0-8D11-00A0C91BC942}") = "coreMicroTest", "coreMicroTest\coreMicroTest.vcxproj", "{08BD4460-8C28-4125-A6CF-1D2614DA545F}"
	ProjectSection(ProjectDependencies) = postProject
		{3826285B-1514-486F-B0E5-1B025F03EBD4} = {3826285B-1514-486F-B0E5-1B025F03EBD4}
	EndProjectSection
EndProject
Global
	GlobalSection(SolutionConfigurationPlatforms) = preSolution
		Debug|Win32 = Debug|Win32
		Release|Win32 = Release|Win32
	EndGlobalSection
	GlobalSection(ProjectConfigurationPlatforms) = postSolution
		{C40525D8-5F04-4CF0-A719-BEA896895413}.Debug|Win32.ActiveCfg = Debug|Win32
		{C40525D8-5F04-4CF0-A719-BEA896895413}.Debug|Win32.Build.0 = Debug|Win32
		{C40525D8-5F04-4CF0-A719-BEA896895413}.Release|Win32.ActiveCfg = Release|Win32
		{C40525D8-5F04-4CF0-A719-BEA896895413}.Release|Win32.Build.0 = Release|Win32
		{A092D6FD-2D55-4F6D-B422-50D3C6907B56}.Debug|Win32.ActiveCfg = Debug|Win32
		{A092D6FD-2D55-4F6D-B422-50D3C6907B56}.Debug|Win32.Build.0 = Debug|Win32
		{A092D6FD-2D55-4F6D-B422-50D3C6907B56}.Release|Win32.ActiveCfg = Release|Win32
		{A092D6FD-2D55-4F6D-B422-50D3C6907B56}.Release|Win32.Build.0 = Release|Win32
		{C2FC558E-395A-4306-83B4-8EED31C25E7B}.Debug|Win32.ActiveCfg = Debug|Win32
		{C2FC558E-395A-4306-83B4-8EED31C25E7B}.Debug|Win32.Build.0 = Debug|Win32
		{C2FC558E-395A-4306-83B4-8EED31C25E7B}.Release|Win32.ActiveCfg = Release|Win32
		{C2FC558E-395A-4306-83B4-8EED31C25E7B}.Release|Win32.Build.0 = Release|Win32
		{D3CBDAD4-10DD-4466-88B0-4797B5CBC557}.Debug|Win32.ActiveCfg = Debug|Win32
		{D3CBDAD4-10DD-4466-88B0-4797B5CBC557}.Debug|Win32.Build.0 = Debug|Win32
		{D3CBDAD4-10DD-4466-88B0-4797B5CBC557}.Release|Win32.ActiveCfg = Release|Win32
		{D3CBDAD4-10DD-4466-88B0-4797B5CBC557}.Release|Win32.Build.0 = Release|Win32
		{3826285B-1514-486F-B0E5-1B025F03EBD4}.Debug|Win32.ActiveCfg = Debug|Win32
		{3826285B-1514-486F-B0E5-1B025F03EBD4}.Debug|Win32.Build.0 = Debug|Win32
		{3826285B-1514-486F-B0E5-1B025F03EBD4}.Release|Win32.ActiveCfg = Release|Win32
		{3826285B-1514-486F-B0E5-1B025F03EBD4}.Release|Win32.Build.0 = Release|Win32
		{08BD4460-8C28-4125-A6CF-1D2614DA545F}.Debug|Win32.ActiveCfg = Debug|Win32
		{08BD4460-8C28-4125-A6CF-1D2614DA545F}.Debug|Win32.Build.0 = Debug|Win32
		{08BD4460-8C28-4125-A6CF-1D2614DA545F}.Release|Win32.ActiveCfg = Release|Win32
		{08BD4460-8C28-4125-A6CF-1D2614DA545F}.Release|Win32.Build.0 = Release|Win32
	EndGlobalSection
	GlobalSection(SolutionProperties) = preSolution
		HideSolutionNode = FALSE
	EndGlobalSection
EndGlobal
